// !$*UTF8*$!
{
	archiveVersion = 1;
	classes = {
	};
	objectVersion = 46;
	objects = {

/* Begin PBXBuildFile section */
		1935D65C1B6AADD500864C31 /* AppDelegate.swift in Sources */ = {isa = PBXBuildFile; fileRef = 1935D65B1B6AADD500864C31 /* AppDelegate.swift */; };
		1935D65E1B6AADD500864C31 /* ViewController.swift in Sources */ = {isa = PBXBuildFile; fileRef = 1935D65D1B6AADD500864C31 /* ViewController.swift */; };
		1935D6611B6AADD500864C31 /* Main.storyboard in Resources */ = {isa = PBXBuildFile; fileRef = 1935D65F1B6AADD500864C31 /* Main.storyboard */; };
		1935D6631B6AADD500864C31 /* Images.xcassets in Resources */ = {isa = PBXBuildFile; fileRef = 1935D6621B6AADD500864C31 /* Images.xcassets */; };
		1935D6661B6AADD500864C31 /* LaunchScreen.xib in Resources */ = {isa = PBXBuildFile; fileRef = 1935D6641B6AADD500864C31 /* LaunchScreen.xib */; };
		1935D6721B6AADD500864C31 /* HLDBTests.swift in Sources */ = {isa = PBXBuildFile; fileRef = 1935D6711B6AADD500864C31 /* HLDBTests.swift */; };
		1935D67D1B6ABF4D00864C31 /* HLDB.swift in Sources */ = {isa = PBXBuildFile; fileRef = 1935D67C1B6ABF4D00864C31 /* HLDB.swift */; };
		1935D67F1B6ABF8200864C31 /* HLDBEntityTests.swift in Sources */ = {isa = PBXBuildFile; fileRef = 1935D67E1B6ABF8200864C31 /* HLDBEntityTests.swift */; };
		460D04B31B6AE2C200BF1DE2 /* FMDatabase+FTS3.m in Sources */ = {isa = PBXBuildFile; fileRef = 460D049A1B6AE2C200BF1DE2 /* FMDatabase+FTS3.m */; };
		460D04B41B6AE2C200BF1DE2 /* FMTokenizers.m in Sources */ = {isa = PBXBuildFile; fileRef = 460D049C1B6AE2C200BF1DE2 /* FMTokenizers.m */; };
		460D04B51B6AE2C200BF1DE2 /* FMDatabase+InMemoryOnDiskIO.m in Sources */ = {isa = PBXBuildFile; fileRef = 460D04A01B6AE2C200BF1DE2 /* FMDatabase+InMemoryOnDiskIO.m */; };
		460D04B61B6AE2C200BF1DE2 /* FMDatabaseAdditionsVariadic.swift in Sources */ = {isa = PBXBuildFile; fileRef = 460D04A21B6AE2C200BF1DE2 /* FMDatabaseAdditionsVariadic.swift */; };
		460D04B71B6AE2C200BF1DE2 /* FMDatabaseVariadic.swift in Sources */ = {isa = PBXBuildFile; fileRef = 460D04A31B6AE2C200BF1DE2 /* FMDatabaseVariadic.swift */; };
		460D04B81B6AE2C200BF1DE2 /* FMDatabase.m in Sources */ = {isa = PBXBuildFile; fileRef = 460D04A61B6AE2C200BF1DE2 /* FMDatabase.m */; };
		460D04B91B6AE2C200BF1DE2 /* FMDatabaseAdditions.m in Sources */ = {isa = PBXBuildFile; fileRef = 460D04A81B6AE2C200BF1DE2 /* FMDatabaseAdditions.m */; };
		460D04BA1B6AE2C200BF1DE2 /* FMDatabasePool.m in Sources */ = {isa = PBXBuildFile; fileRef = 460D04AA1B6AE2C200BF1DE2 /* FMDatabasePool.m */; };
		460D04BB1B6AE2C200BF1DE2 /* FMDatabaseQueue.m in Sources */ = {isa = PBXBuildFile; fileRef = 460D04AC1B6AE2C200BF1DE2 /* FMDatabaseQueue.m */; };
		460D04BC1B6AE2C200BF1DE2 /* FMResultSet.m in Sources */ = {isa = PBXBuildFile; fileRef = 460D04AF1B6AE2C200BF1DE2 /* FMResultSet.m */; };
		460D04BF1B6AE41200BF1DE2 /* libsqlite3.0.dylib in Frameworks */ = {isa = PBXBuildFile; fileRef = 460D04BE1B6AE41200BF1DE2 /* libsqlite3.0.dylib */; };
		460D04C01B6AE6C900BF1DE2 /* FMDatabaseQueue.m in Sources */ = {isa = PBXBuildFile; fileRef = 460D04AC1B6AE2C200BF1DE2 /* FMDatabaseQueue.m */; };
		460D04C11B6AE6CB00BF1DE2 /* FMResultSet.m in Sources */ = {isa = PBXBuildFile; fileRef = 460D04AF1B6AE2C200BF1DE2 /* FMResultSet.m */; };
		460D04C21B6AE6CE00BF1DE2 /* FMDatabasePool.m in Sources */ = {isa = PBXBuildFile; fileRef = 460D04AA1B6AE2C200BF1DE2 /* FMDatabasePool.m */; };
		460D04C31B6AE6D100BF1DE2 /* FMDatabaseAdditions.m in Sources */ = {isa = PBXBuildFile; fileRef = 460D04A81B6AE2C200BF1DE2 /* FMDatabaseAdditions.m */; };
		460D04C41B6AE6D300BF1DE2 /* FMDatabase.m in Sources */ = {isa = PBXBuildFile; fileRef = 460D04A61B6AE2C200BF1DE2 /* FMDatabase.m */; };
		460D04C51B6AE73C00BF1DE2 /* HLDB.swift in Sources */ = {isa = PBXBuildFile; fileRef = 1935D67C1B6ABF4D00864C31 /* HLDB.swift */; };
		460D04C61B6AE8EC00BF1DE2 /* Pods.framework in Frameworks */ = {isa = PBXBuildFile; fileRef = B4C36B604220DBE21D6CEE6A /* Pods.framework */; };
		46FC61A01B6BFE0D002CE042 /* libsqlite3.0.dylib in Frameworks */ = {isa = PBXBuildFile; fileRef = 460D04BE1B6AE41200BF1DE2 /* libsqlite3.0.dylib */; };
		51AF7242629BCF41D256A51A /* Pods.framework in Frameworks */ = {isa = PBXBuildFile; fileRef = B4C36B604220DBE21D6CEE6A /* Pods.framework */; settings = {ATTRIBUTES = (Weak, ); }; };
/* End PBXBuildFile section */

/* Begin PBXContainerItemProxy section */
		1935D66C1B6AADD500864C31 /* PBXContainerItemProxy */ = {
			isa = PBXContainerItemProxy;
			containerPortal = 1935D64E1B6AADD500864C31 /* Project object */;
			proxyType = 1;
			remoteGlobalIDString = 1935D6551B6AADD500864C31;
			remoteInfo = HLDB;
		};
/* End PBXContainerItemProxy section */

/* Begin PBXFileReference section */
		1935D6561B6AADD500864C31 /* HLDB.app */ = {isa = PBXFileReference; explicitFileType = wrapper.application; includeInIndex = 0; path = HLDB.app; sourceTree = BUILT_PRODUCTS_DIR; };
		1935D65A1B6AADD500864C31 /* Info.plist */ = {isa = PBXFileReference; lastKnownFileType = text.plist.xml; path = Info.plist; sourceTree = "<group>"; };
		1935D65B1B6AADD500864C31 /* AppDelegate.swift */ = {isa = PBXFileReference; lastKnownFileType = sourcecode.swift; path = AppDelegate.swift; sourceTree = "<group>"; };
		1935D65D1B6AADD500864C31 /* ViewController.swift */ = {isa = PBXFileReference; lastKnownFileType = sourcecode.swift; path = ViewController.swift; sourceTree = "<group>"; };
		1935D6601B6AADD500864C31 /* Base */ = {isa = PBXFileReference; lastKnownFileType = file.storyboard; name = Base; path = Base.lproj/Main.storyboard; sourceTree = "<group>"; };
		1935D6621B6AADD500864C31 /* Images.xcassets */ = {isa = PBXFileReference; lastKnownFileType = folder.assetcatalog; path = Images.xcassets; sourceTree = "<group>"; };
		1935D6651B6AADD500864C31 /* Base */ = {isa = PBXFileReference; lastKnownFileType = file.xib; name = Base; path = Base.lproj/LaunchScreen.xib; sourceTree = "<group>"; };
		1935D66B1B6AADD500864C31 /* HLDBTests.xctest */ = {isa = PBXFileReference; explicitFileType = wrapper.cfbundle; includeInIndex = 0; path = HLDBTests.xctest; sourceTree = BUILT_PRODUCTS_DIR; };
		1935D6701B6AADD500864C31 /* Info.plist */ = {isa = PBXFileReference; lastKnownFileType = text.plist.xml; path = Info.plist; sourceTree = "<group>"; };
		1935D6711B6AADD500864C31 /* HLDBTests.swift */ = {isa = PBXFileReference; lastKnownFileType = sourcecode.swift; path = HLDBTests.swift; sourceTree = "<group>"; };
		1935D67C1B6ABF4D00864C31 /* HLDB.swift */ = {isa = PBXFileReference; fileEncoding = 4; lastKnownFileType = sourcecode.swift; name = HLDB.swift; path = HLDB/Lib/HLDB.swift; sourceTree = "<group>"; };
		1935D67E1B6ABF8200864C31 /* HLDBEntityTests.swift */ = {isa = PBXFileReference; fileEncoding = 4; lastKnownFileType = sourcecode.swift; path = HLDBEntityTests.swift; sourceTree = "<group>"; };
		23FA60B9399A83F8809889E5 /* Pods.release.xcconfig */ = {isa = PBXFileReference; includeInIndex = 1; lastKnownFileType = text.xcconfig; name = Pods.release.xcconfig; path = "Pods/Target Support Files/Pods/Pods.release.xcconfig"; sourceTree = "<group>"; };
		45963AE272D137245D02D45D /* Pods.debug.xcconfig */ = {isa = PBXFileReference; includeInIndex = 1; lastKnownFileType = text.xcconfig; name = Pods.debug.xcconfig; path = "Pods/Target Support Files/Pods/Pods.debug.xcconfig"; sourceTree = "<group>"; };
		460D048F1B6AD8C400BF1DE2 /* HLDB-Bridging-Header.h */ = {isa = PBXFileReference; lastKnownFileType = sourcecode.c.h; path = "HLDB-Bridging-Header.h"; sourceTree = "<group>"; };
		460D04991B6AE2C200BF1DE2 /* FMDatabase+FTS3.h */ = {isa = PBXFileReference; fileEncoding = 4; lastKnownFileType = sourcecode.c.h; path = "FMDatabase+FTS3.h"; sourceTree = "<group>"; };
		460D049A1B6AE2C200BF1DE2 /* FMDatabase+FTS3.m */ = {isa = PBXFileReference; fileEncoding = 4; lastKnownFileType = sourcecode.c.objc; path = "FMDatabase+FTS3.m"; sourceTree = "<group>"; };
		460D049B1B6AE2C200BF1DE2 /* FMTokenizers.h */ = {isa = PBXFileReference; fileEncoding = 4; lastKnownFileType = sourcecode.c.h; path = FMTokenizers.h; sourceTree = "<group>"; };
		460D049C1B6AE2C200BF1DE2 /* FMTokenizers.m */ = {isa = PBXFileReference; fileEncoding = 4; lastKnownFileType = sourcecode.c.objc; path = FMTokenizers.m; sourceTree = "<group>"; };
		460D049D1B6AE2C200BF1DE2 /* fts3_tokenizer.h */ = {isa = PBXFileReference; fileEncoding = 4; lastKnownFileType = sourcecode.c.h; path = fts3_tokenizer.h; sourceTree = "<group>"; };
		460D049F1B6AE2C200BF1DE2 /* FMDatabase+InMemoryOnDiskIO.h */ = {isa = PBXFileReference; fileEncoding = 4; lastKnownFileType = sourcecode.c.h; path = "FMDatabase+InMemoryOnDiskIO.h"; sourceTree = "<group>"; };
		460D04A01B6AE2C200BF1DE2 /* FMDatabase+InMemoryOnDiskIO.m */ = {isa = PBXFileReference; fileEncoding = 4; lastKnownFileType = sourcecode.c.objc; path = "FMDatabase+InMemoryOnDiskIO.m"; sourceTree = "<group>"; };
		460D04A21B6AE2C200BF1DE2 /* FMDatabaseAdditionsVariadic.swift */ = {isa = PBXFileReference; fileEncoding = 4; lastKnownFileType = sourcecode.swift; path = FMDatabaseAdditionsVariadic.swift; sourceTree = "<group>"; };
		460D04A31B6AE2C200BF1DE2 /* FMDatabaseVariadic.swift */ = {isa = PBXFileReference; fileEncoding = 4; lastKnownFileType = sourcecode.swift; path = FMDatabaseVariadic.swift; sourceTree = "<group>"; };
		460D04A51B6AE2C200BF1DE2 /* FMDatabase.h */ = {isa = PBXFileReference; fileEncoding = 4; lastKnownFileType = sourcecode.c.h; path = FMDatabase.h; sourceTree = "<group>"; };
		460D04A61B6AE2C200BF1DE2 /* FMDatabase.m */ = {isa = PBXFileReference; fileEncoding = 4; lastKnownFileType = sourcecode.c.objc; path = FMDatabase.m; sourceTree = "<group>"; };
		460D04A71B6AE2C200BF1DE2 /* FMDatabaseAdditions.h */ = {isa = PBXFileReference; fileEncoding = 4; lastKnownFileType = sourcecode.c.h; path = FMDatabaseAdditions.h; sourceTree = "<group>"; };
		460D04A81B6AE2C200BF1DE2 /* FMDatabaseAdditions.m */ = {isa = PBXFileReference; fileEncoding = 4; lastKnownFileType = sourcecode.c.objc; path = FMDatabaseAdditions.m; sourceTree = "<group>"; };
		460D04A91B6AE2C200BF1DE2 /* FMDatabasePool.h */ = {isa = PBXFileReference; fileEncoding = 4; lastKnownFileType = sourcecode.c.h; path = FMDatabasePool.h; sourceTree = "<group>"; };
		460D04AA1B6AE2C200BF1DE2 /* FMDatabasePool.m */ = {isa = PBXFileReference; fileEncoding = 4; lastKnownFileType = sourcecode.c.objc; path = FMDatabasePool.m; sourceTree = "<group>"; };
		460D04AB1B6AE2C200BF1DE2 /* FMDatabaseQueue.h */ = {isa = PBXFileReference; fileEncoding = 4; lastKnownFileType = sourcecode.c.h; path = FMDatabaseQueue.h; sourceTree = "<group>"; };
		460D04AC1B6AE2C200BF1DE2 /* FMDatabaseQueue.m */ = {isa = PBXFileReference; fileEncoding = 4; lastKnownFileType = sourcecode.c.objc; path = FMDatabaseQueue.m; sourceTree = "<group>"; };
		460D04AD1B6AE2C200BF1DE2 /* FMDB.h */ = {isa = PBXFileReference; fileEncoding = 4; lastKnownFileType = sourcecode.c.h; path = FMDB.h; sourceTree = "<group>"; };
		460D04AE1B6AE2C200BF1DE2 /* FMResultSet.h */ = {isa = PBXFileReference; fileEncoding = 4; lastKnownFileType = sourcecode.c.h; path = FMResultSet.h; sourceTree = "<group>"; };
		460D04AF1B6AE2C200BF1DE2 /* FMResultSet.m */ = {isa = PBXFileReference; fileEncoding = 4; lastKnownFileType = sourcecode.c.objc; path = FMResultSet.m; sourceTree = "<group>"; };
		460D04BE1B6AE41200BF1DE2 /* libsqlite3.0.dylib */ = {isa = PBXFileReference; lastKnownFileType = "compiled.mach-o.dylib"; name = libsqlite3.0.dylib; path = usr/lib/libsqlite3.0.dylib; sourceTree = SDKROOT; };
		B4C36B604220DBE21D6CEE6A /* Pods.framework */ = {isa = PBXFileReference; explicitFileType = wrapper.framework; includeInIndex = 0; path = Pods.framework; sourceTree = BUILT_PRODUCTS_DIR; };
/* End PBXFileReference section */

/* Begin PBXFrameworksBuildPhase section */
		1935D6531B6AADD500864C31 /* Frameworks */ = {
			isa = PBXFrameworksBuildPhase;
			buildActionMask = 2147483647;
			files = (
				460D04BF1B6AE41200BF1DE2 /* libsqlite3.0.dylib in Frameworks */,
				51AF7242629BCF41D256A51A /* Pods.framework in Frameworks */,
			);
			runOnlyForDeploymentPostprocessing = 0;
		};
		1935D6681B6AADD500864C31 /* Frameworks */ = {
			isa = PBXFrameworksBuildPhase;
			buildActionMask = 2147483647;
			files = (
				46FC61A01B6BFE0D002CE042 /* libsqlite3.0.dylib in Frameworks */,
				460D04C61B6AE8EC00BF1DE2 /* Pods.framework in Frameworks */,
			);
			runOnlyForDeploymentPostprocessing = 0;
		};
/* End PBXFrameworksBuildPhase section */

/* Begin PBXGroup section */
		1935D64D1B6AADD500864C31 = {
			isa = PBXGroup;
			children = (
				460D04961B6AE2C200BF1DE2 /* FMDB */,
				1935D67B1B6ABF3000864C31 /* HLDB */,
				1935D6581B6AADD500864C31 /* HLDB Harness */,
				1935D66E1B6AADD500864C31 /* HLDBTests */,
				1935D6571B6AADD500864C31 /* Products */,
				F52B9D41A85DC75320DC9070 /* Pods */,
				B3C9BC0597733AC50396B0D9 /* Frameworks */,
			);
			sourceTree = "<group>";
		};
		1935D6571B6AADD500864C31 /* Products */ = {
			isa = PBXGroup;
			children = (
				1935D6561B6AADD500864C31 /* HLDB.app */,
				1935D66B1B6AADD500864C31 /* HLDBTests.xctest */,
			);
			name = Products;
			sourceTree = "<group>";
		};
		1935D6581B6AADD500864C31 /* HLDB Harness */ = {
			isa = PBXGroup;
			children = (
				1935D65B1B6AADD500864C31 /* AppDelegate.swift */,
				1935D65D1B6AADD500864C31 /* ViewController.swift */,
				1935D65F1B6AADD500864C31 /* Main.storyboard */,
				1935D6621B6AADD500864C31 /* Images.xcassets */,
				1935D6641B6AADD500864C31 /* LaunchScreen.xib */,
				1935D6591B6AADD500864C31 /* Supporting Files */,
			);
			name = "HLDB Harness";
			path = HLDB;
			sourceTree = "<group>";
		};
		1935D6591B6AADD500864C31 /* Supporting Files */ = {
			isa = PBXGroup;
			children = (
				1935D65A1B6AADD500864C31 /* Info.plist */,
			);
			name = "Supporting Files";
			sourceTree = "<group>";
		};
		1935D66E1B6AADD500864C31 /* HLDBTests */ = {
			isa = PBXGroup;
			children = (
				1935D6711B6AADD500864C31 /* HLDBTests.swift */,
				1935D67E1B6ABF8200864C31 /* HLDBEntityTests.swift */,
				1935D66F1B6AADD500864C31 /* Supporting Files */,
			);
			path = HLDBTests;
			sourceTree = "<group>";
		};
		1935D66F1B6AADD500864C31 /* Supporting Files */ = {
			isa = PBXGroup;
			children = (
				1935D6701B6AADD500864C31 /* Info.plist */,
			);
			name = "Supporting Files";
			sourceTree = "<group>";
		};
		1935D67B1B6ABF3000864C31 /* HLDB */ = {
			isa = PBXGroup;
			children = (
				1935D67C1B6ABF4D00864C31 /* HLDB.swift */,
				460D048F1B6AD8C400BF1DE2 /* HLDB-Bridging-Header.h */,
			);
			name = HLDB;
			sourceTree = "<group>";
		};
		460D04961B6AE2C200BF1DE2 /* FMDB */ = {
			isa = PBXGroup;
			children = (
				460D04971B6AE2C200BF1DE2 /* extra */,
				460D04A41B6AE2C200BF1DE2 /* fmdb */,
			);
			name = FMDB;
			path = fmdb/src;
			sourceTree = "<group>";
		};
		460D04971B6AE2C200BF1DE2 /* extra */ = {
			isa = PBXGroup;
			children = (
				460D04981B6AE2C200BF1DE2 /* fts3 */,
				460D049E1B6AE2C200BF1DE2 /* InMemoryOnDiskIO */,
				460D04A11B6AE2C200BF1DE2 /* Swift extensions */,
			);
			path = extra;
			sourceTree = "<group>";
		};
		460D04981B6AE2C200BF1DE2 /* fts3 */ = {
			isa = PBXGroup;
			children = (
				460D04991B6AE2C200BF1DE2 /* FMDatabase+FTS3.h */,
				460D049A1B6AE2C200BF1DE2 /* FMDatabase+FTS3.m */,
				460D049B1B6AE2C200BF1DE2 /* FMTokenizers.h */,
				460D049C1B6AE2C200BF1DE2 /* FMTokenizers.m */,
				460D049D1B6AE2C200BF1DE2 /* fts3_tokenizer.h */,
			);
			path = fts3;
			sourceTree = "<group>";
		};
		460D049E1B6AE2C200BF1DE2 /* InMemoryOnDiskIO */ = {
			isa = PBXGroup;
			children = (
				460D049F1B6AE2C200BF1DE2 /* FMDatabase+InMemoryOnDiskIO.h */,
				460D04A01B6AE2C200BF1DE2 /* FMDatabase+InMemoryOnDiskIO.m */,
			);
			path = InMemoryOnDiskIO;
			sourceTree = "<group>";
		};
		460D04A11B6AE2C200BF1DE2 /* Swift extensions */ = {
			isa = PBXGroup;
			children = (
				460D04A21B6AE2C200BF1DE2 /* FMDatabaseAdditionsVariadic.swift */,
				460D04A31B6AE2C200BF1DE2 /* FMDatabaseVariadic.swift */,
			);
			path = "Swift extensions";
			sourceTree = "<group>";
		};
		460D04A41B6AE2C200BF1DE2 /* fmdb */ = {
			isa = PBXGroup;
			children = (
				460D04A51B6AE2C200BF1DE2 /* FMDatabase.h */,
				460D04A61B6AE2C200BF1DE2 /* FMDatabase.m */,
				460D04A71B6AE2C200BF1DE2 /* FMDatabaseAdditions.h */,
				460D04A81B6AE2C200BF1DE2 /* FMDatabaseAdditions.m */,
				460D04A91B6AE2C200BF1DE2 /* FMDatabasePool.h */,
				460D04AA1B6AE2C200BF1DE2 /* FMDatabasePool.m */,
				460D04AB1B6AE2C200BF1DE2 /* FMDatabaseQueue.h */,
				460D04AC1B6AE2C200BF1DE2 /* FMDatabaseQueue.m */,
				460D04AD1B6AE2C200BF1DE2 /* FMDB.h */,
				460D04AE1B6AE2C200BF1DE2 /* FMResultSet.h */,
				460D04AF1B6AE2C200BF1DE2 /* FMResultSet.m */,
			);
			path = fmdb;
			sourceTree = "<group>";
		};
		B3C9BC0597733AC50396B0D9 /* Frameworks */ = {
			isa = PBXGroup;
			children = (
				460D04BE1B6AE41200BF1DE2 /* libsqlite3.0.dylib */,
				B4C36B604220DBE21D6CEE6A /* Pods.framework */,
			);
			name = Frameworks;
			sourceTree = "<group>";
		};
		F52B9D41A85DC75320DC9070 /* Pods */ = {
			isa = PBXGroup;
			children = (
				45963AE272D137245D02D45D /* Pods.debug.xcconfig */,
				23FA60B9399A83F8809889E5 /* Pods.release.xcconfig */,
			);
			name = Pods;
			sourceTree = "<group>";
		};
/* End PBXGroup section */

/* Begin PBXNativeTarget section */
		1935D6551B6AADD500864C31 /* HLDB */ = {
			isa = PBXNativeTarget;
			buildConfigurationList = 1935D6751B6AADD500864C31 /* Build configuration list for PBXNativeTarget "HLDB" */;
			buildPhases = (
				9E8C90B85E0ABADE3DB16612 /* Check Pods Manifest.lock */,
				1935D6521B6AADD500864C31 /* Sources */,
				1935D6531B6AADD500864C31 /* Frameworks */,
				1935D6541B6AADD500864C31 /* Resources */,
				ED35E4C0FA8E1A6C2480EF26 /* Copy Pods Resources */,
				5DC5B9806292232C0F16A92A /* Embed Pods Frameworks */,
			);
			buildRules = (
			);
			dependencies = (
			);
			name = HLDB;
			productName = HLDB;
			productReference = 1935D6561B6AADD500864C31 /* HLDB.app */;
			productType = "com.apple.product-type.application";
		};
		1935D66A1B6AADD500864C31 /* HLDBTests */ = {
			isa = PBXNativeTarget;
			buildConfigurationList = 1935D6781B6AADD500864C31 /* Build configuration list for PBXNativeTarget "HLDBTests" */;
			buildPhases = (
				1935D6671B6AADD500864C31 /* Sources */,
				1935D6681B6AADD500864C31 /* Frameworks */,
				1935D6691B6AADD500864C31 /* Resources */,
			);
			buildRules = (
			);
			dependencies = (
				1935D66D1B6AADD500864C31 /* PBXTargetDependency */,
			);
			name = HLDBTests;
			productName = HLDBTests;
			productReference = 1935D66B1B6AADD500864C31 /* HLDBTests.xctest */;
			productType = "com.apple.product-type.bundle.unit-test";
		};
/* End PBXNativeTarget section */

/* Begin PBXProject section */
		1935D64E1B6AADD500864C31 /* Project object */ = {
			isa = PBXProject;
			attributes = {
				LastUpgradeCheck = 0640;
				ORGANIZATIONNAME = Mathcamp;
				TargetAttributes = {
					1935D6551B6AADD500864C31 = {
						CreatedOnToolsVersion = 6.4;
					};
					1935D66A1B6AADD500864C31 = {
						CreatedOnToolsVersion = 6.4;
						TestTargetID = 1935D6551B6AADD500864C31;
					};
				};
			};
			buildConfigurationList = 1935D6511B6AADD500864C31 /* Build configuration list for PBXProject "HLDB" */;
			compatibilityVersion = "Xcode 3.2";
			developmentRegion = English;
			hasScannedForEncodings = 0;
			knownRegions = (
				en,
				Base,
			);
			mainGroup = 1935D64D1B6AADD500864C31;
			productRefGroup = 1935D6571B6AADD500864C31 /* Products */;
			projectDirPath = "";
			projectRoot = "";
			targets = (
				1935D6551B6AADD500864C31 /* HLDB */,
				1935D66A1B6AADD500864C31 /* HLDBTests */,
			);
		};
/* End PBXProject section */

/* Begin PBXResourcesBuildPhase section */
		1935D6541B6AADD500864C31 /* Resources */ = {
			isa = PBXResourcesBuildPhase;
			buildActionMask = 2147483647;
			files = (
				1935D6611B6AADD500864C31 /* Main.storyboard in Resources */,
				1935D6661B6AADD500864C31 /* LaunchScreen.xib in Resources */,
				1935D6631B6AADD500864C31 /* Images.xcassets in Resources */,
			);
			runOnlyForDeploymentPostprocessing = 0;
		};
		1935D6691B6AADD500864C31 /* Resources */ = {
			isa = PBXResourcesBuildPhase;
			buildActionMask = 2147483647;
			files = (
			);
			runOnlyForDeploymentPostprocessing = 0;
		};
/* End PBXResourcesBuildPhase section */

/* Begin PBXShellScriptBuildPhase section */
		5DC5B9806292232C0F16A92A /* Embed Pods Frameworks */ = {
			isa = PBXShellScriptBuildPhase;
			buildActionMask = 2147483647;
			files = (
			);
			inputPaths = (
			);
			name = "Embed Pods Frameworks";
			outputPaths = (
			);
			runOnlyForDeploymentPostprocessing = 0;
			shellPath = /bin/sh;
			shellScript = "\"${SRCROOT}/Pods/Target Support Files/Pods/Pods-frameworks.sh\"\n";
			showEnvVarsInLog = 0;
		};
		9E8C90B85E0ABADE3DB16612 /* Check Pods Manifest.lock */ = {
			isa = PBXShellScriptBuildPhase;
			buildActionMask = 2147483647;
			files = (
			);
			inputPaths = (
			);
			name = "Check Pods Manifest.lock";
			outputPaths = (
			);
			runOnlyForDeploymentPostprocessing = 0;
			shellPath = /bin/sh;
			shellScript = "diff \"${PODS_ROOT}/../Podfile.lock\" \"${PODS_ROOT}/Manifest.lock\" > /dev/null\nif [[ $? != 0 ]] ; then\n    cat << EOM\nerror: The sandbox is not in sync with the Podfile.lock. Run 'pod install' or update your CocoaPods installation.\nEOM\n    exit 1\nfi\n";
			showEnvVarsInLog = 0;
		};
		ED35E4C0FA8E1A6C2480EF26 /* Copy Pods Resources */ = {
			isa = PBXShellScriptBuildPhase;
			buildActionMask = 2147483647;
			files = (
			);
			inputPaths = (
			);
			name = "Copy Pods Resources";
			outputPaths = (
			);
			runOnlyForDeploymentPostprocessing = 0;
			shellPath = /bin/sh;
			shellScript = "\"${SRCROOT}/Pods/Target Support Files/Pods/Pods-resources.sh\"\n";
			showEnvVarsInLog = 0;
		};
/* End PBXShellScriptBuildPhase section */

/* Begin PBXSourcesBuildPhase section */
		1935D6521B6AADD500864C31 /* Sources */ = {
			isa = PBXSourcesBuildPhase;
			buildActionMask = 2147483647;
			files = (
				1935D67D1B6ABF4D00864C31 /* HLDB.swift in Sources */,
				460D04B61B6AE2C200BF1DE2 /* FMDatabaseAdditionsVariadic.swift in Sources */,
				1935D65E1B6AADD500864C31 /* ViewController.swift in Sources */,
				460D04B81B6AE2C200BF1DE2 /* FMDatabase.m in Sources */,
				1935D65C1B6AADD500864C31 /* AppDelegate.swift in Sources */,
				460D04BB1B6AE2C200BF1DE2 /* FMDatabaseQueue.m in Sources */,
				460D04BC1B6AE2C200BF1DE2 /* FMResultSet.m in Sources */,
				460D04BA1B6AE2C200BF1DE2 /* FMDatabasePool.m in Sources */,
				460D04B31B6AE2C200BF1DE2 /* FMDatabase+FTS3.m in Sources */,
				460D04B41B6AE2C200BF1DE2 /* FMTokenizers.m in Sources */,
				460D04B71B6AE2C200BF1DE2 /* FMDatabaseVariadic.swift in Sources */,
				460D04B51B6AE2C200BF1DE2 /* FMDatabase+InMemoryOnDiskIO.m in Sources */,
				460D04B91B6AE2C200BF1DE2 /* FMDatabaseAdditions.m in Sources */,
			);
			runOnlyForDeploymentPostprocessing = 0;
		};
		1935D6671B6AADD500864C31 /* Sources */ = {
			isa = PBXSourcesBuildPhase;
			buildActionMask = 2147483647;
			files = (
				1935D67F1B6ABF8200864C31 /* HLDBEntityTests.swift in Sources */,
				1935D6721B6AADD500864C31 /* HLDBTests.swift in Sources */,
				460D04C21B6AE6CE00BF1DE2 /* FMDatabasePool.m in Sources */,
				460D04C41B6AE6D300BF1DE2 /* FMDatabase.m in Sources */,
				460D04C11B6AE6CB00BF1DE2 /* FMResultSet.m in Sources */,
				460D04C01B6AE6C900BF1DE2 /* FMDatabaseQueue.m in Sources */,
				460D04C31B6AE6D100BF1DE2 /* FMDatabaseAdditions.m in Sources */,
				460D04C51B6AE73C00BF1DE2 /* HLDB.swift in Sources */,
			);
			runOnlyForDeploymentPostprocessing = 0;
		};
/* End PBXSourcesBuildPhase section */

/* Begin PBXTargetDependency section */
		1935D66D1B6AADD500864C31 /* PBXTargetDependency */ = {
			isa = PBXTargetDependency;
			target = 1935D6551B6AADD500864C31 /* HLDB */;
			targetProxy = 1935D66C1B6AADD500864C31 /* PBXContainerItemProxy */;
		};
/* End PBXTargetDependency section */

/* Begin PBXVariantGroup section */
		1935D65F1B6AADD500864C31 /* Main.storyboard */ = {
			isa = PBXVariantGroup;
			children = (
				1935D6601B6AADD500864C31 /* Base */,
			);
			name = Main.storyboard;
			sourceTree = "<group>";
		};
		1935D6641B6AADD500864C31 /* LaunchScreen.xib */ = {
			isa = PBXVariantGroup;
			children = (
				1935D6651B6AADD500864C31 /* Base */,
			);
			name = LaunchScreen.xib;
			sourceTree = "<group>";
		};
/* End PBXVariantGroup section */

/* Begin XCBuildConfiguration section */
		1935D6731B6AADD500864C31 /* Debug */ = {
			isa = XCBuildConfiguration;
			buildSettings = {
				ALWAYS_SEARCH_USER_PATHS = NO;
				CLANG_CXX_LANGUAGE_STANDARD = "gnu++0x";
				CLANG_CXX_LIBRARY = "libc++";
				CLANG_ENABLE_MODULES = YES;
				CLANG_ENABLE_OBJC_ARC = YES;
				CLANG_WARN_BOOL_CONVERSION = YES;
				CLANG_WARN_CONSTANT_CONVERSION = YES;
				CLANG_WARN_DIRECT_OBJC_ISA_USAGE = YES_ERROR;
				CLANG_WARN_EMPTY_BODY = YES;
				CLANG_WARN_ENUM_CONVERSION = YES;
				CLANG_WARN_INT_CONVERSION = YES;
				CLANG_WARN_OBJC_ROOT_CLASS = YES_ERROR;
				CLANG_WARN_UNREACHABLE_CODE = YES;
				CLANG_WARN__DUPLICATE_METHOD_MATCH = YES;
				"CODE_SIGN_IDENTITY[sdk=iphoneos*]" = "iPhone Developer";
				COPY_PHASE_STRIP = NO;
				DEBUG_INFORMATION_FORMAT = "dwarf-with-dsym";
				ENABLE_STRICT_OBJC_MSGSEND = YES;
				GCC_C_LANGUAGE_STANDARD = gnu99;
				GCC_DYNAMIC_NO_PIC = NO;
				GCC_NO_COMMON_BLOCKS = YES;
				GCC_OPTIMIZATION_LEVEL = 0;
				GCC_PREPROCESSOR_DEFINITIONS = (
					"DEBUG=1",
					"$(inherited)",
				);
				GCC_SYMBOLS_PRIVATE_EXTERN = NO;
				GCC_WARN_64_TO_32_BIT_CONVERSION = YES;
				GCC_WARN_ABOUT_RETURN_TYPE = YES_ERROR;
				GCC_WARN_UNDECLARED_SELECTOR = YES;
				GCC_WARN_UNINITIALIZED_AUTOS = YES_AGGRESSIVE;
				GCC_WARN_UNUSED_FUNCTION = YES;
				GCC_WARN_UNUSED_VARIABLE = YES;
				IPHONEOS_DEPLOYMENT_TARGET = 8.4;
				MTL_ENABLE_DEBUG_INFO = YES;
				ONLY_ACTIVE_ARCH = YES;
				SDKROOT = iphoneos;
				SWIFT_OPTIMIZATION_LEVEL = "-Onone";
			};
			name = Debug;
		};
		1935D6741B6AADD500864C31 /* Release */ = {
			isa = XCBuildConfiguration;
			buildSettings = {
				ALWAYS_SEARCH_USER_PATHS = NO;
				CLANG_CXX_LANGUAGE_STANDARD = "gnu++0x";
				CLANG_CXX_LIBRARY = "libc++";
				CLANG_ENABLE_MODULES = YES;
				CLANG_ENABLE_OBJC_ARC = YES;
				CLANG_WARN_BOOL_CONVERSION = YES;
				CLANG_WARN_CONSTANT_CONVERSION = YES;
				CLANG_WARN_DIRECT_OBJC_ISA_USAGE = YES_ERROR;
				CLANG_WARN_EMPTY_BODY = YES;
				CLANG_WARN_ENUM_CONVERSION = YES;
				CLANG_WARN_INT_CONVERSION = YES;
				CLANG_WARN_OBJC_ROOT_CLASS = YES_ERROR;
				CLANG_WARN_UNREACHABLE_CODE = YES;
				CLANG_WARN__DUPLICATE_METHOD_MATCH = YES;
				"CODE_SIGN_IDENTITY[sdk=iphoneos*]" = "iPhone Developer";
				COPY_PHASE_STRIP = NO;
				DEBUG_INFORMATION_FORMAT = "dwarf-with-dsym";
				ENABLE_NS_ASSERTIONS = NO;
				ENABLE_STRICT_OBJC_MSGSEND = YES;
				GCC_C_LANGUAGE_STANDARD = gnu99;
				GCC_NO_COMMON_BLOCKS = YES;
				GCC_WARN_64_TO_32_BIT_CONVERSION = YES;
				GCC_WARN_ABOUT_RETURN_TYPE = YES_ERROR;
				GCC_WARN_UNDECLARED_SELECTOR = YES;
				GCC_WARN_UNINITIALIZED_AUTOS = YES_AGGRESSIVE;
				GCC_WARN_UNUSED_FUNCTION = YES;
				GCC_WARN_UNUSED_VARIABLE = YES;
				IPHONEOS_DEPLOYMENT_TARGET = 8.4;
				MTL_ENABLE_DEBUG_INFO = NO;
				SDKROOT = iphoneos;
				VALIDATE_PRODUCT = YES;
			};
			name = Release;
		};
		1935D6761B6AADD500864C31 /* Debug */ = {
			isa = XCBuildConfiguration;
			baseConfigurationReference = 45963AE272D137245D02D45D /* Pods.debug.xcconfig */;
			buildSettings = {
				ASSETCATALOG_COMPILER_APPICON_NAME = AppIcon;
				FRAMEWORK_SEARCH_PATHS = "$(inherited)";
				INFOPLIST_FILE = HLDB/Info.plist;
				LD_RUNPATH_SEARCH_PATHS = "$(inherited) @executable_path/Frameworks";
				PRODUCT_NAME = "$(TARGET_NAME)";
				SWIFT_OBJC_BRIDGING_HEADER = "$(PRODUCT_NAME)-Bridging-Header.h";
			};
			name = Debug;
		};
		1935D6771B6AADD500864C31 /* Release */ = {
			isa = XCBuildConfiguration;
			baseConfigurationReference = 23FA60B9399A83F8809889E5 /* Pods.release.xcconfig */;
			buildSettings = {
				ASSETCATALOG_COMPILER_APPICON_NAME = AppIcon;
				FRAMEWORK_SEARCH_PATHS = "$(inherited)";
				INFOPLIST_FILE = HLDB/Info.plist;
				LD_RUNPATH_SEARCH_PATHS = "$(inherited) @executable_path/Frameworks";
				PRODUCT_NAME = "$(TARGET_NAME)";
				SWIFT_OBJC_BRIDGING_HEADER = "$(PRODUCT_NAME)-Bridging-Header.h";
			};
			name = Release;
		};
		1935D6791B6AADD500864C31 /* Debug */ = {
			isa = XCBuildConfiguration;
			buildSettings = {
				BUNDLE_LOADER = "$(TEST_HOST)";
				FRAMEWORK_SEARCH_PATHS = "$(inherited)";
				GCC_PREPROCESSOR_DEFINITIONS = (
					"DEBUG=1",
					"$(inherited)",
				);
				INFOPLIST_FILE = HLDBTests/Info.plist;
				LD_RUNPATH_SEARCH_PATHS = "$(inherited) @executable_path/Frameworks @loader_path/Frameworks";
				PRODUCT_NAME = "$(TARGET_NAME)";
				SWIFT_OBJC_BRIDGING_HEADER = "HLDB-Bridging-Header.h";
				TEST_HOST = "$(BUILT_PRODUCTS_DIR)/HLDB.app/HLDB";
			};
			name = Debug;
		};
		1935D67A1B6AADD500864C31 /* Release */ = {
			isa = XCBuildConfiguration;
			buildSettings = {
				BUNDLE_LOADER = "$(TEST_HOST)";
				FRAMEWORK_SEARCH_PATHS = "$(inherited)";
				INFOPLIST_FILE = HLDBTests/Info.plist;
				LD_RUNPATH_SEARCH_PATHS = "$(inherited) @executable_path/Frameworks @loader_path/Frameworks";
				PRODUCT_NAME = "$(TARGET_NAME)";
				SWIFT_OBJC_BRIDGING_HEADER = "HLDB-Bridging-Header.h";
				TEST_HOST = "$(BUILT_PRODUCTS_DIR)/HLDB.app/HLDB";
			};
			name = Release;
		};
/* End XCBuildConfiguration section */

/* Begin XCConfigurationList section */
		1935D6511B6AADD500864C31 /* Build configuration list for PBXProject "HLDB" */ = {
			isa = XCConfigurationList;
			buildConfigurations = (
				1935D6731B6AADD500864C31 /* Debug */,
				1935D6741B6AADD500864C31 /* Release */,
			);
			defaultConfigurationIsVisible = 0;
			defaultConfigurationName = Release;
		};
		1935D6751B6AADD500864C31 /* Build configuration list for PBXNativeTarget "HLDB" */ = {
			isa = XCConfigurationList;
			buildConfigurations = (
				1935D6761B6AADD500864C31 /* Debug */,
				1935D6771B6AADD500864C31 /* Release */,
			);
			defaultConfigurationIsVisible = 0;
			defaultConfigurationName = Release;
		};
		1935D6781B6AADD500864C31 /* Build configuration list for PBXNativeTarget "HLDBTests" */ = {
			isa = XCConfigurationList;
			buildConfigurations = (
				1935D6791B6AADD500864C31 /* Debug */,
				1935D67A1B6AADD500864C31 /* Release */,
			);
			defaultConfigurationIsVisible = 0;
			defaultConfigurationName = Release;
		};
/* End XCConfigurationList section */
	};
	rootObject = 1935D64E1B6AADD500864C31 /* Project object */;
}
