// !$*UTF8*$!
{
	archiveVersion = 1;
	classes = {
	};
	objectVersion = 46;
	objects = {

/* Begin PBXBuildFile section */
		462AEB441B702101003B0579 /* hldb.framework in Frameworks */ = {isa = PBXBuildFile; fileRef = 462AEB411B701FDC003B0579 /* hldb.framework */; };
		462AEB451B702111003B0579 /* hldb.framework in Frameworks */ = {isa = PBXBuildFile; fileRef = 462AEB411B701FDC003B0579 /* hldb.framework */; };
		462AEB461B702111003B0579 /* hldb.framework in Embed Frameworks */ = {isa = PBXBuildFile; fileRef = 462AEB411B701FDC003B0579 /* hldb.framework */; settings = {ATTRIBUTES = (CodeSignOnCopy, RemoveHeadersOnCopy, ); }; };
		462AEB4B1B702195003B0579 /* Box.framework in Frameworks */ = {isa = PBXBuildFile; fileRef = 462AEB481B702195003B0579 /* Box.framework */; };
		462AEB4C1B702195003B0579 /* Box.framework in Frameworks */ = {isa = PBXBuildFile; fileRef = 462AEB481B702195003B0579 /* Box.framework */; };
		462AEB4D1B702195003B0579 /* BrightFutures.framework in Frameworks */ = {isa = PBXBuildFile; fileRef = 462AEB491B702195003B0579 /* BrightFutures.framework */; };
		462AEB4E1B702195003B0579 /* BrightFutures.framework in Frameworks */ = {isa = PBXBuildFile; fileRef = 462AEB491B702195003B0579 /* BrightFutures.framework */; };
		462AEB4F1B702195003B0579 /* Result.framework in Frameworks */ = {isa = PBXBuildFile; fileRef = 462AEB4A1B702195003B0579 /* Result.framework */; };
		462AEB501B702195003B0579 /* Result.framework in Frameworks */ = {isa = PBXBuildFile; fileRef = 462AEB4A1B702195003B0579 /* Result.framework */; };
		463B91161B6C5D2100F4D341 /* AppDelegate.swift in Sources */ = {isa = PBXBuildFile; fileRef = 463B91151B6C5D2100F4D341 /* AppDelegate.swift */; };
		463B91181B6C5D2100F4D341 /* ViewController.swift in Sources */ = {isa = PBXBuildFile; fileRef = 463B91171B6C5D2100F4D341 /* ViewController.swift */; };
		463B911B1B6C5D2100F4D341 /* Main.storyboard in Resources */ = {isa = PBXBuildFile; fileRef = 463B91191B6C5D2100F4D341 /* Main.storyboard */; };
		463B911D1B6C5D2100F4D341 /* Images.xcassets in Resources */ = {isa = PBXBuildFile; fileRef = 463B911C1B6C5D2100F4D341 /* Images.xcassets */; };
		463B91201B6C5D2100F4D341 /* LaunchScreen.xib in Resources */ = {isa = PBXBuildFile; fileRef = 463B911E1B6C5D2100F4D341 /* LaunchScreen.xib */; };
		463B912C1B6C5D2100F4D341 /* HLDB_DemoTests.swift in Sources */ = {isa = PBXBuildFile; fileRef = 463B912B1B6C5D2100F4D341 /* HLDB_DemoTests.swift */; };
/* End PBXBuildFile section */

/* Begin PBXContainerItemProxy section */
		463B91261B6C5D2100F4D341 /* PBXContainerItemProxy */ = {
			isa = PBXContainerItemProxy;
			containerPortal = 463B91081B6C5D2000F4D341 /* Project object */;
			proxyType = 1;
			remoteGlobalIDString = 463B910F1B6C5D2100F4D341;
			remoteInfo = "HLDB-Demo";
		};
/* End PBXContainerItemProxy section */

/* Begin PBXCopyFilesBuildPhase section */
		462AEB471B702112003B0579 /* Embed Frameworks */ = {
			isa = PBXCopyFilesBuildPhase;
			buildActionMask = 2147483647;
			dstPath = "";
			dstSubfolderSpec = 10;
			files = (
				462AEB461B702111003B0579 /* hldb.framework in Embed Frameworks */,
			);
			name = "Embed Frameworks";
			runOnlyForDeploymentPostprocessing = 0;
		};
/* End PBXCopyFilesBuildPhase section */

/* Begin PBXFileReference section */
		462AEB411B701FDC003B0579 /* hldb.framework */ = {isa = PBXFileReference; lastKnownFileType = wrapper.framework; path = hldb.framework; sourceTree = "<group>"; };
		462AEB481B702195003B0579 /* Box.framework */ = {isa = PBXFileReference; lastKnownFileType = wrapper.framework; path = Box.framework; sourceTree = "<group>"; };
		462AEB491B702195003B0579 /* BrightFutures.framework */ = {isa = PBXFileReference; lastKnownFileType = wrapper.framework; path = BrightFutures.framework; sourceTree = "<group>"; };
		462AEB4A1B702195003B0579 /* Result.framework */ = {isa = PBXFileReference; lastKnownFileType = wrapper.framework; path = Result.framework; sourceTree = "<group>"; };
		463B91101B6C5D2100F4D341 /* hldb Demo.app */ = {isa = PBXFileReference; explicitFileType = wrapper.application; includeInIndex = 0; path = "hldb Demo.app"; sourceTree = BUILT_PRODUCTS_DIR; };
		463B91141B6C5D2100F4D341 /* Info.plist */ = {isa = PBXFileReference; lastKnownFileType = text.plist.xml; path = Info.plist; sourceTree = "<group>"; };
		463B91151B6C5D2100F4D341 /* AppDelegate.swift */ = {isa = PBXFileReference; lastKnownFileType = sourcecode.swift; path = AppDelegate.swift; sourceTree = "<group>"; };
		463B91171B6C5D2100F4D341 /* ViewController.swift */ = {isa = PBXFileReference; lastKnownFileType = sourcecode.swift; path = ViewController.swift; sourceTree = "<group>"; };
		463B911A1B6C5D2100F4D341 /* Base */ = {isa = PBXFileReference; lastKnownFileType = file.storyboard; name = Base; path = Base.lproj/Main.storyboard; sourceTree = "<group>"; };
		463B911C1B6C5D2100F4D341 /* Images.xcassets */ = {isa = PBXFileReference; lastKnownFileType = folder.assetcatalog; path = Images.xcassets; sourceTree = "<group>"; };
		463B911F1B6C5D2100F4D341 /* Base */ = {isa = PBXFileReference; lastKnownFileType = file.xib; name = Base; path = Base.lproj/LaunchScreen.xib; sourceTree = "<group>"; };
		463B91251B6C5D2100F4D341 /* hldb DemoTests.xctest */ = {isa = PBXFileReference; explicitFileType = wrapper.cfbundle; includeInIndex = 0; path = "hldb DemoTests.xctest"; sourceTree = BUILT_PRODUCTS_DIR; };
		463B912A1B6C5D2100F4D341 /* Info.plist */ = {isa = PBXFileReference; lastKnownFileType = text.plist.xml; path = Info.plist; sourceTree = "<group>"; };
		463B912B1B6C5D2100F4D341 /* HLDB_DemoTests.swift */ = {isa = PBXFileReference; lastKnownFileType = sourcecode.swift; path = HLDB_DemoTests.swift; sourceTree = "<group>"; };
/* End PBXFileReference section */

/* Begin PBXFrameworksBuildPhase section */
		463B910D1B6C5D2100F4D341 /* Frameworks */ = {
			isa = PBXFrameworksBuildPhase;
			buildActionMask = 2147483647;
			files = (
				462AEB4D1B702195003B0579 /* BrightFutures.framework in Frameworks */,
				462AEB4B1B702195003B0579 /* Box.framework in Frameworks */,
				462AEB451B702111003B0579 /* hldb.framework in Frameworks */,
				462AEB4F1B702195003B0579 /* Result.framework in Frameworks */,
			);
			runOnlyForDeploymentPostprocessing = 0;
		};
		463B91221B6C5D2100F4D341 /* Frameworks */ = {
			isa = PBXFrameworksBuildPhase;
			buildActionMask = 2147483647;
			files = (
				462AEB4E1B702195003B0579 /* BrightFutures.framework in Frameworks */,
				462AEB4C1B702195003B0579 /* Box.framework in Frameworks */,
				462AEB441B702101003B0579 /* hldb.framework in Frameworks */,
				462AEB501B702195003B0579 /* Result.framework in Frameworks */,
			);
			runOnlyForDeploymentPostprocessing = 0;
		};
/* End PBXFrameworksBuildPhase section */

/* Begin PBXGroup section */
		462AEB431B701FF8003B0579 /* Frameworks */ = {
			isa = PBXGroup;
			children = (
				462AEB481B702195003B0579 /* Box.framework */,
				462AEB491B702195003B0579 /* BrightFutures.framework */,
				462AEB4A1B702195003B0579 /* Result.framework */,
				462AEB411B701FDC003B0579 /* hldb.framework */,
			);
			name = Frameworks;
			sourceTree = "<group>";
		};
		463B91071B6C5D2000F4D341 = {
			isa = PBXGroup;
			children = (
				462AEB431B701FF8003B0579 /* Frameworks */,
				463B91121B6C5D2100F4D341 /* HLDB-Demo */,
				463B91281B6C5D2100F4D341 /* HLDB-DemoTests */,
				463B91111B6C5D2100F4D341 /* Products */,
			);
			sourceTree = "<group>";
		};
		463B91111B6C5D2100F4D341 /* Products */ = {
			isa = PBXGroup;
			children = (
				463B91101B6C5D2100F4D341 /* hldb Demo.app */,
				463B91251B6C5D2100F4D341 /* hldb DemoTests.xctest */,
			);
			name = Products;
			sourceTree = "<group>";
		};
		463B91121B6C5D2100F4D341 /* HLDB-Demo */ = {
			isa = PBXGroup;
			children = (
				463B91151B6C5D2100F4D341 /* AppDelegate.swift */,
				463B91171B6C5D2100F4D341 /* ViewController.swift */,
				463B91191B6C5D2100F4D341 /* Main.storyboard */,
				463B911C1B6C5D2100F4D341 /* Images.xcassets */,
				463B911E1B6C5D2100F4D341 /* LaunchScreen.xib */,
				463B91131B6C5D2100F4D341 /* Supporting Files */,
			);
			path = "HLDB-Demo";
			sourceTree = "<group>";
		};
		463B91131B6C5D2100F4D341 /* Supporting Files */ = {
			isa = PBXGroup;
			children = (
				463B91141B6C5D2100F4D341 /* Info.plist */,
			);
			name = "Supporting Files";
			sourceTree = "<group>";
		};
		463B91281B6C5D2100F4D341 /* HLDB-DemoTests */ = {
			isa = PBXGroup;
			children = (
				463B912B1B6C5D2100F4D341 /* HLDB_DemoTests.swift */,
				463B91291B6C5D2100F4D341 /* Supporting Files */,
			);
			path = "HLDB-DemoTests";
			sourceTree = "<group>";
		};
		463B91291B6C5D2100F4D341 /* Supporting Files */ = {
			isa = PBXGroup;
			children = (
				463B912A1B6C5D2100F4D341 /* Info.plist */,
			);
			name = "Supporting Files";
			sourceTree = "<group>";
		};
/* End PBXGroup section */

/* Begin PBXNativeTarget section */
		463B910F1B6C5D2100F4D341 /* hldb Demo */ = {
			isa = PBXNativeTarget;
			buildConfigurationList = 463B912F1B6C5D2100F4D341 /* Build configuration list for PBXNativeTarget "hldb Demo" */;
			buildPhases = (
				463B910C1B6C5D2100F4D341 /* Sources */,
				463B910D1B6C5D2100F4D341 /* Frameworks */,
				463B910E1B6C5D2100F4D341 /* Resources */,
				462AEB471B702112003B0579 /* Embed Frameworks */,
			);
			buildRules = (
			);
			dependencies = (
			);
			name = "hldb Demo";
			productName = "HLDB-Demo";
			productReference = 463B91101B6C5D2100F4D341 /* hldb Demo.app */;
			productType = "com.apple.product-type.application";
		};
		463B91241B6C5D2100F4D341 /* hldb DemoTests */ = {
			isa = PBXNativeTarget;
			buildConfigurationList = 463B91321B6C5D2100F4D341 /* Build configuration list for PBXNativeTarget "hldb DemoTests" */;
			buildPhases = (
				463B91211B6C5D2100F4D341 /* Sources */,
				463B91221B6C5D2100F4D341 /* Frameworks */,
				463B91231B6C5D2100F4D341 /* Resources */,
			);
			buildRules = (
			);
			dependencies = (
				463B91271B6C5D2100F4D341 /* PBXTargetDependency */,
			);
			name = "hldb DemoTests";
			productName = "HLDB-DemoTests";
			productReference = 463B91251B6C5D2100F4D341 /* hldb DemoTests.xctest */;
			productType = "com.apple.product-type.bundle.unit-test";
		};
/* End PBXNativeTarget section */

/* Begin PBXProject section */
		463B91081B6C5D2000F4D341 /* Project object */ = {
			isa = PBXProject;
			attributes = {
				LastUpgradeCheck = 0640;
				ORGANIZATIONNAME = Highlight;
				TargetAttributes = {
					463B910F1B6C5D2100F4D341 = {
						CreatedOnToolsVersion = 6.4;
					};
					463B91241B6C5D2100F4D341 = {
						CreatedOnToolsVersion = 6.4;
						TestTargetID = 463B910F1B6C5D2100F4D341;
					};
				};
			};
			buildConfigurationList = 463B910B1B6C5D2000F4D341 /* Build configuration list for PBXProject "hldb Demo" */;
			compatibilityVersion = "Xcode 3.2";
			developmentRegion = English;
			hasScannedForEncodings = 0;
			knownRegions = (
				en,
				Base,
			);
			mainGroup = 463B91071B6C5D2000F4D341;
			productRefGroup = 463B91111B6C5D2100F4D341 /* Products */;
			projectDirPath = "";
			projectRoot = "";
			targets = (
				463B910F1B6C5D2100F4D341 /* hldb Demo */,
				463B91241B6C5D2100F4D341 /* hldb DemoTests */,
			);
		};
/* End PBXProject section */

/* Begin PBXResourcesBuildPhase section */
		463B910E1B6C5D2100F4D341 /* Resources */ = {
			isa = PBXResourcesBuildPhase;
			buildActionMask = 2147483647;
			files = (
				463B911B1B6C5D2100F4D341 /* Main.storyboard in Resources */,
				463B91201B6C5D2100F4D341 /* LaunchScreen.xib in Resources */,
				463B911D1B6C5D2100F4D341 /* Images.xcassets in Resources */,
			);
			runOnlyForDeploymentPostprocessing = 0;
		};
		463B91231B6C5D2100F4D341 /* Resources */ = {
			isa = PBXResourcesBuildPhase;
			buildActionMask = 2147483647;
			files = (
			);
			runOnlyForDeploymentPostprocessing = 0;
		};
/* End PBXResourcesBuildPhase section */

/* Begin PBXSourcesBuildPhase section */
		463B910C1B6C5D2100F4D341 /* Sources */ = {
			isa = PBXSourcesBuildPhase;
			buildActionMask = 2147483647;
			files = (
				463B91181B6C5D2100F4D341 /* ViewController.swift in Sources */,
				463B91161B6C5D2100F4D341 /* AppDelegate.swift in Sources */,
			);
			runOnlyForDeploymentPostprocessing = 0;
		};
		463B91211B6C5D2100F4D341 /* Sources */ = {
			isa = PBXSourcesBuildPhase;
			buildActionMask = 2147483647;
			files = (
				463B912C1B6C5D2100F4D341 /* HLDB_DemoTests.swift in Sources */,
			);
			runOnlyForDeploymentPostprocessing = 0;
		};
/* End PBXSourcesBuildPhase section */

/* Begin PBXTargetDependency section */
		463B91271B6C5D2100F4D341 /* PBXTargetDependency */ = {
			isa = PBXTargetDependency;
			target = 463B910F1B6C5D2100F4D341 /* hldb Demo */;
			targetProxy = 463B91261B6C5D2100F4D341 /* PBXContainerItemProxy */;
		};
/* End PBXTargetDependency section */

/* Begin PBXVariantGroup section */
		463B91191B6C5D2100F4D341 /* Main.storyboard */ = {
			isa = PBXVariantGroup;
			children = (
				463B911A1B6C5D2100F4D341 /* Base */,
			);
			name = Main.storyboard;
			sourceTree = "<group>";
		};
		463B911E1B6C5D2100F4D341 /* LaunchScreen.xib */ = {
			isa = PBXVariantGroup;
			children = (
				463B911F1B6C5D2100F4D341 /* Base */,
			);
			name = LaunchScreen.xib;
			sourceTree = "<group>";
		};
/* End PBXVariantGroup section */

/* Begin XCBuildConfiguration section */
		463B912D1B6C5D2100F4D341 /* Debug */ = {
			isa = XCBuildConfiguration;
			buildSettings = {
				ALWAYS_SEARCH_USER_PATHS = NO;
				CLANG_CXX_LANGUAGE_STANDARD = "gnu++0x";
				CLANG_CXX_LIBRARY = "libc++";
				CLANG_ENABLE_MODULES = YES;
				CLANG_ENABLE_OBJC_ARC = YES;
				CLANG_WARN_BOOL_CONVERSION = YES;
				CLANG_WARN_CONSTANT_CONVERSION = YES;
				CLANG_WARN_DIRECT_OBJC_ISA_USAGE = YES_ERROR;
				CLANG_WARN_EMPTY_BODY = YES;
				CLANG_WARN_ENUM_CONVERSION = YES;
				CLANG_WARN_INT_CONVERSION = YES;
				CLANG_WARN_OBJC_ROOT_CLASS = YES_ERROR;
				CLANG_WARN_UNREACHABLE_CODE = YES;
				CLANG_WARN__DUPLICATE_METHOD_MATCH = YES;
				"CODE_SIGN_IDENTITY[sdk=iphoneos*]" = "iPhone Developer";
				COPY_PHASE_STRIP = NO;
				DEBUG_INFORMATION_FORMAT = "dwarf-with-dsym";
				ENABLE_STRICT_OBJC_MSGSEND = YES;
				GCC_C_LANGUAGE_STANDARD = gnu99;
				GCC_DYNAMIC_NO_PIC = NO;
				GCC_NO_COMMON_BLOCKS = YES;
				GCC_OPTIMIZATION_LEVEL = 0;
				GCC_PREPROCESSOR_DEFINITIONS = (
					"DEBUG=1",
					"$(inherited)",
				);
				GCC_SYMBOLS_PRIVATE_EXTERN = NO;
				GCC_WARN_64_TO_32_BIT_CONVERSION = YES;
				GCC_WARN_ABOUT_RETURN_TYPE = YES_ERROR;
				GCC_WARN_UNDECLARED_SELECTOR = YES;
				GCC_WARN_UNINITIALIZED_AUTOS = YES_AGGRESSIVE;
				GCC_WARN_UNUSED_FUNCTION = YES;
				GCC_WARN_UNUSED_VARIABLE = YES;
				IPHONEOS_DEPLOYMENT_TARGET = 8.0;
				MTL_ENABLE_DEBUG_INFO = YES;
				ONLY_ACTIVE_ARCH = YES;
				SDKROOT = iphoneos;
				SWIFT_OPTIMIZATION_LEVEL = "-Onone";
				TARGETED_DEVICE_FAMILY = "1,2";
			};
			name = Debug;
		};
		463B912E1B6C5D2100F4D341 /* Release */ = {
			isa = XCBuildConfiguration;
			buildSettings = {
				ALWAYS_SEARCH_USER_PATHS = NO;
				CLANG_CXX_LANGUAGE_STANDARD = "gnu++0x";
				CLANG_CXX_LIBRARY = "libc++";
				CLANG_ENABLE_MODULES = YES;
				CLANG_ENABLE_OBJC_ARC = YES;
				CLANG_WARN_BOOL_CONVERSION = YES;
				CLANG_WARN_CONSTANT_CONVERSION = YES;
				CLANG_WARN_DIRECT_OBJC_ISA_USAGE = YES_ERROR;
				CLANG_WARN_EMPTY_BODY = YES;
				CLANG_WARN_ENUM_CONVERSION = YES;
				CLANG_WARN_INT_CONVERSION = YES;
				CLANG_WARN_OBJC_ROOT_CLASS = YES_ERROR;
				CLANG_WARN_UNREACHABLE_CODE = YES;
				CLANG_WARN__DUPLICATE_METHOD_MATCH = YES;
				"CODE_SIGN_IDENTITY[sdk=iphoneos*]" = "iPhone Developer";
				COPY_PHASE_STRIP = NO;
				DEBUG_INFORMATION_FORMAT = "dwarf-with-dsym";
				ENABLE_NS_ASSERTIONS = NO;
				ENABLE_STRICT_OBJC_MSGSEND = YES;
				GCC_C_LANGUAGE_STANDARD = gnu99;
				GCC_NO_COMMON_BLOCKS = YES;
				GCC_WARN_64_TO_32_BIT_CONVERSION = YES;
				GCC_WARN_ABOUT_RETURN_TYPE = YES_ERROR;
				GCC_WARN_UNDECLARED_SELECTOR = YES;
				GCC_WARN_UNINITIALIZED_AUTOS = YES_AGGRESSIVE;
				GCC_WARN_UNUSED_FUNCTION = YES;
				GCC_WARN_UNUSED_VARIABLE = YES;
				IPHONEOS_DEPLOYMENT_TARGET = 8.0;
				MTL_ENABLE_DEBUG_INFO = NO;
				SDKROOT = iphoneos;
				TARGETED_DEVICE_FAMILY = "1,2";
				VALIDATE_PRODUCT = YES;
			};
			name = Release;
		};
		463B91301B6C5D2100F4D341 /* Debug */ = {
			isa = XCBuildConfiguration;
			buildSettings = {
				ASSETCATALOG_COMPILER_APPICON_NAME = AppIcon;
				FRAMEWORK_SEARCH_PATHS = (
					"$(inherited)",
					"$(PROJECT_DIR)",
				);
				INFOPLIST_FILE = "HLDB-Demo/Info.plist";
				LD_RUNPATH_SEARCH_PATHS = "$(inherited) @executable_path/Frameworks";
				PRODUCT_NAME = "hldb Demo";
			};
			name = Debug;
		};
		463B91311B6C5D2100F4D341 /* Release */ = {
			isa = XCBuildConfiguration;
			buildSettings = {
				ASSETCATALOG_COMPILER_APPICON_NAME = AppIcon;
				FRAMEWORK_SEARCH_PATHS = (
					"$(inherited)",
					"$(PROJECT_DIR)",
				);
				INFOPLIST_FILE = "HLDB-Demo/Info.plist";
				LD_RUNPATH_SEARCH_PATHS = "$(inherited) @executable_path/Frameworks";
				PRODUCT_NAME = "hldb Demo";
			};
			name = Release;
		};
		463B91331B6C5D2100F4D341 /* Debug */ = {
			isa = XCBuildConfiguration;
			buildSettings = {
				BUNDLE_LOADER = "$(TEST_HOST)";
				FRAMEWORK_SEARCH_PATHS = (
					"$(SDKROOT)/Developer/Library/Frameworks",
					"$(inherited)",
					"$(PROJECT_DIR)",
				);
				GCC_PREPROCESSOR_DEFINITIONS = (
					"DEBUG=1",
					"$(inherited)",
				);
				INFOPLIST_FILE = "HLDB-DemoTests/Info.plist";
				LD_RUNPATH_SEARCH_PATHS = "$(inherited) @executable_path/Frameworks @loader_path/Frameworks";
				PRODUCT_NAME = "hldb DemoTests";
				TEST_HOST = "$(BUILT_PRODUCTS_DIR)/HLDB-Demo.app/HLDB-Demo";
			};
			name = Debug;
		};
		463B91341B6C5D2100F4D341 /* Release */ = {
			isa = XCBuildConfiguration;
			buildSettings = {
				BUNDLE_LOADER = "$(TEST_HOST)";
				FRAMEWORK_SEARCH_PATHS = (
					"$(SDKROOT)/Developer/Library/Frameworks",
					"$(inherited)",
					"$(PROJECT_DIR)",
				);
				INFOPLIST_FILE = "HLDB-DemoTests/Info.plist";
				LD_RUNPATH_SEARCH_PATHS = "$(inherited) @executable_path/Frameworks @loader_path/Frameworks";
				PRODUCT_NAME = "hldb DemoTests";
				TEST_HOST = "$(BUILT_PRODUCTS_DIR)/HLDB-Demo.app/HLDB-Demo";
			};
			name = Release;
		};
/* End XCBuildConfiguration section */

/* Begin XCConfigurationList section */
		463B910B1B6C5D2000F4D341 /* Build configuration list for PBXProject "hldb Demo" */ = {
			isa = XCConfigurationList;
			buildConfigurations = (
				463B912D1B6C5D2100F4D341 /* Debug */,
				463B912E1B6C5D2100F4D341 /* Release */,
			);
			defaultConfigurationIsVisible = 0;
			defaultConfigurationName = Release;
		};
		463B912F1B6C5D2100F4D341 /* Build configuration list for PBXNativeTarget "hldb Demo" */ = {
			isa = XCConfigurationList;
			buildConfigurations = (
				463B91301B6C5D2100F4D341 /* Debug */,
				463B91311B6C5D2100F4D341 /* Release */,
			);
			defaultConfigurationIsVisible = 0;
			defaultConfigurationName = Release;
		};
		463B91321B6C5D2100F4D341 /* Build configuration list for PBXNativeTarget "hldb DemoTests" */ = {
			isa = XCConfigurationList;
			buildConfigurations = (
				463B91331B6C5D2100F4D341 /* Debug */,
				463B91341B6C5D2100F4D341 /* Release */,
			);
			defaultConfigurationIsVisible = 0;
			defaultConfigurationName = Release;
		};
/* End XCConfigurationList section */
	};
	rootObject = 463B91081B6C5D2000F4D341 /* Project object */;
}
